%{
  "aten": {:hex, :aten, "0.5.7", "f88eb38ceadc0710b84b5d78f0357d766733d80902d50ac69b70cdf834992daa", [:rebar3], [], "hexpm", "8b623c8be27b59a911d16ab0af41777b504c147bc0d60a29015fab58321c04b0"},
  "benchee": {:git, "https://github.com/bencheeorg/benchee.git", "07b844e2c61c79a756a94dbdf5fef379c72942f7", [tag: "main"]},
  "benchee_markdown": {:hex, :benchee_markdown, "0.2.7", "2b3967a8c49acb4a1fd4a5dc42fe3fc6d9713154dad4c9053b07997a951ec6c4", [:mix], [{:benchee, ">= 0.99.0 and < 2.0.0", [hex: :benchee, repo: "hexpm", optional: false]}], "hexpm", "c2ed04e0c8f7fb4aa75c3006973e14cca93adf2bf61713e421530dee63368b12"},
  "deep_merge": {:hex, :deep_merge, "1.0.0", "b4aa1a0d1acac393bdf38b2291af38cb1d4a52806cf7a4906f718e1feb5ee961", [:mix], [], "hexpm", "ce708e5f094b9cd4e8f2be4f00d2f4250c4095be93f8cd6d018c753894885430"},
  "gen_batch_server": {:hex, :gen_batch_server, "0.8.6", "712e589a644afb1df4ee7b3a3e6182280086631ed5c3283394a27694fe16c0a9", [:rebar3], [], "hexpm", "b78679349168f27d7047f3283c9d766760b234d98c762aca9a1907f4ee3fd406"},
  "khepri": {:git, "https://github.com/rabbitmq/khepri.git", "8da72baa5204a4fce2cc8babae7574f867967524", [tag: "main"]},
  "proper": {:hex, :proper, "1.4.0", "89a44b8c39d28bb9b4be8e4d715d534905b325470f2e0ec5e004d12484a79434", [:rebar3], [], "hexpm", "18285842185bd33efbda97d134a5cb5a0884384db36119fee0e3cfa488568cbb"},
  "ra": {:hex, :ra, "2.0.2", "37e303aaaf4edf0dfdd328a5e4c129106fe34d7a890d5cd93518a04a6dd94be3", [:rebar3], [{:aten, "0.5.7", [hex: :aten, repo: "hexpm", optional: false]}, {:gen_batch_server, "0.8.6", [hex: :gen_batch_server, repo: "hexpm", optional: false]}], "hexpm", "88516b324d1f508e86b0c8cd22347d1db970e56d5f0d5620d30813dbb45110a7"},
  "statistex": {:hex, :statistex, "1.0.0", "f3dc93f3c0c6c92e5f291704cf62b99b553253d7969e9a5fa713e5481cd858a5", [:mix], [], "hexpm", "ff9d8bee7035028ab4742ff52fc80a2aa35cece833cf5319009b52f1b5a86c27"},
  "stream_data": {:hex, :stream_data, "0.5.0", "b27641e58941685c75b353577dc602c9d2c12292dd84babf506c2033cd97893e", [:mix], [], "hexpm", "012bd2eec069ada4db3411f9115ccafa38540a3c78c4c0349f151fc761b9e271"},
}
